
Microsoft Visual Studio Solution File, Format Version 12.00
# Visual Studio Version 17
VisualStudioVersion = 17.13.35828.75 d17.13
MinimumVisualStudioVersion = 10.0.40219.1
Project("{FAE04EC0-301F-11D3-BF4B-00C04F79EFBC}") = "const VS readonly (task 4)", "const VS readonly (task 4).csproj", "{1B0990DE-546A-41A1-BCAF-FA4408AAA1BB}"
EndProject
Global
	GlobalSection(SolutionConfigurationPlatforms) = preSolution
		Debug|Any CPU = Debug|Any CPU
		Release|Any CPU = Release|Any CPU
	EndGlobalSection
	GlobalSection(ProjectConfigurationPlatforms) = postSolution
		{1B0990DE-546A-41A1-BCAF-FA4408AAA1BB}.Debug|Any CPU.ActiveCfg = Debug|Any CPU
		{1B0990DE-546A-41A1-BCAF-FA4408AAA1BB}.Debug|Any CPU.Build.0 = Debug|Any CPU
		{1B0990DE-546A-41A1-BCAF-FA4408AAA1BB}.Release|Any CPU.ActiveCfg = Release|Any CPU
		{1B0990DE-546A-41A1-BCAF-FA4408AAA1BB}.Release|Any CPU.Build.0 = Release|Any CPU
	EndGlobalSection
	GlobalSection(SolutionProperties) = preSolution
		HideSolutionNode = FALSE
	EndGlobalSection
	GlobalSection(ExtensibilityGlobals) = postSolution
		SolutionGuid = {5C5FB0E2-A1A8-496F-A0B9-CE9D39694FDB}
	EndGlobalSection
EndGlobal
